
Microsoft Visual Studio Solution File, Format Version 12.00
# Visual Studio Version 16
VisualStudioVersion = 16.0.29424.173
MinimumVisualStudioVersion = 10.0.40219.1
Project("{FAE04EC0-301F-11D3-BF4B-00C04F79EFBC}") = "ERDashboard-angular", "ERDashboard-angular\ERDashboard-angular.csproj", "{F02A0BF2-6306-48F9-87C7-C3ACAC6D11D6}"
EndProject
Global
	GlobalSection(SolutionConfigurationPlatforms) = preSolution
		Debug|Any CPU = Debug|Any CPU
		Release|Any CPU = Release|Any CPU
	EndGlobalSection
	GlobalSection(ProjectConfigurationPlatforms) = postSolution
		{F02A0BF2-6306-48F9-87C7-C3ACAC6D11D6}.Debug|Any CPU.ActiveCfg = Debug|Any CPU
		{F02A0BF2-6306-48F9-87C7-C3ACAC6D11D6}.Debug|Any CPU.Build.0 = Debug|Any CPU
		{F02A0BF2-6306-48F9-87C7-C3ACAC6D11D6}.Release|Any CPU.ActiveCfg = Release|Any CPU
		{F02A0BF2-6306-48F9-87C7-C3ACAC6D11D6}.Release|Any CPU.Build.0 = Release|Any CPU
	EndGlobalSection
	GlobalSection(SolutionProperties) = preSolution
		HideSolutionNode = FALSE
	EndGlobalSection
	GlobalSection(ExtensibilityGlobals) = postSolution
		SolutionGuid = {D0C0516B-F036-4376-8D0C-5B37FBFA0B5F}
	EndGlobalSection
EndGlobal
